
Microsoft Visual Studio Solution File, Format Version 12.00
# Visual Studio Version 16
VisualStudioVersion = 16.0.31313.79
MinimumVisualStudioVersion = 10.0.40219.1
Project("{FAE04EC0-301F-11D3-BF4B-00C04F79EFBC}") = "BoldThemes", "BoldThemes\BoldThemes.csproj", "{F728DB65-2C87-4E8A-9522-BE1F518AC8FD}"
EndProject
Global
	GlobalSection(SolutionConfigurationPlatforms) = preSolution
		Debug|Any CPU = Debug|Any CPU
		Release|Any CPU = Release|Any CPU
	EndGlobalSection
	GlobalSection(ProjectConfigurationPlatforms) = postSolution
		{F728DB65-2C87-4E8A-9522-BE1F518AC8FD}.Debug|Any CPU.ActiveCfg = Debug|Any CPU
		{F728DB65-2C87-4E8A-9522-BE1F518AC8FD}.Debug|Any CPU.Build.0 = Debug|Any CPU
		{F728DB65-2C87-4E8A-9522-BE1F518AC8FD}.Release|Any CPU.ActiveCfg = Release|Any CPU
		{F728DB65-2C87-4E8A-9522-BE1F518AC8FD}.Release|Any CPU.Build.0 = Release|Any CPU
	EndGlobalSection
	GlobalSection(SolutionProperties) = preSolution
		HideSolutionNode = FALSE
	EndGlobalSection
	GlobalSection(ExtensibilityGlobals) = postSolution
		SolutionGuid = {EBD5FA3B-B883-4E90-BE65-BE81B24B3998}
	EndGlobalSection
EndGlobal
